
Microsoft Visual Studio Solution File, Format Version 12.00
# Visual Studio Version 17
VisualStudioVersion = 17.5.33627.172
MinimumVisualStudioVersion = 10.0.40219.1
Project("{9A19103F-16F7-4668-BE54-9A1E7A4F7556}") = "PatternRepository", "PatternRepository\PatternRepository.csproj", "{7926917F-F4C2-48CF-8767-DA10512B7A0F}"
EndProject
Project("{9A19103F-16F7-4668-BE54-9A1E7A4F7556}") = "GenericRepository", "GenericRepository\GenericRepository.csproj", "{714626F8-295E-4970-81F8-BCF9BBA0FCF5}"
EndProject
Global
	GlobalSection(SolutionConfigurationPlatforms) = preSolution
		Debug|Any CPU = Debug|Any CPU
		Release|Any CPU = Release|Any CPU
	EndGlobalSection
	GlobalSection(ProjectConfigurationPlatforms) = postSolution
		{7926917F-F4C2-48CF-8767-DA10512B7A0F}.Debug|Any CPU.ActiveCfg = Debug|Any CPU
		{7926917F-F4C2-48CF-8767-DA10512B7A0F}.Debug|Any CPU.Build.0 = Debug|Any CPU
		{7926917F-F4C2-48CF-8767-DA10512B7A0F}.Release|Any CPU.ActiveCfg = Release|Any CPU
		{7926917F-F4C2-48CF-8767-DA10512B7A0F}.Release|Any CPU.Build.0 = Release|Any CPU
		{714626F8-295E-4970-81F8-BCF9BBA0FCF5}.Debug|Any CPU.ActiveCfg = Debug|Any CPU
		{714626F8-295E-4970-81F8-BCF9BBA0FCF5}.Debug|Any CPU.Build.0 = Debug|Any CPU
		{714626F8-295E-4970-81F8-BCF9BBA0FCF5}.Release|Any CPU.ActiveCfg = Release|Any CPU
		{714626F8-295E-4970-81F8-BCF9BBA0FCF5}.Release|Any CPU.Build.0 = Release|Any CPU
	EndGlobalSection
	GlobalSection(SolutionProperties) = preSolution
		HideSolutionNode = FALSE
	EndGlobalSection
	GlobalSection(ExtensibilityGlobals) = postSolution
		SolutionGuid = {08FBA512-C708-4D34-9207-5A7F28F0972E}
	EndGlobalSection
EndGlobal
